
Microsoft Visual Studio Solution File, Format Version 12.00
# Visual Studio Version 16
VisualStudioVersion = 16.0.30611.23
MinimumVisualStudioVersion = 10.0.40219.1
Project("{F2A71F9B-5D33-465A-A702-920D77279786}") = "csmParser", "csmParser\csmParser.fsproj", "{70068474-7577-461D-BEDE-3FE13FC702FC}"
EndProject
Global
	GlobalSection(SolutionConfigurationPlatforms) = preSolution
		Debug|Any CPU = Debug|Any CPU
		Release|Any CPU = Release|Any CPU
	EndGlobalSection
	GlobalSection(ProjectConfigurationPlatforms) = postSolution
		{70068474-7577-461D-BEDE-3FE13FC702FC}.Debug|Any CPU.ActiveCfg = Debug|Any CPU
		{70068474-7577-461D-BEDE-3FE13FC702FC}.Debug|Any CPU.Build.0 = Debug|Any CPU
		{70068474-7577-461D-BEDE-3FE13FC702FC}.Release|Any CPU.ActiveCfg = Release|Any CPU
		{70068474-7577-461D-BEDE-3FE13FC702FC}.Release|Any CPU.Build.0 = Release|Any CPU
	EndGlobalSection
	GlobalSection(SolutionProperties) = preSolution
		HideSolutionNode = FALSE
	EndGlobalSection
	GlobalSection(ExtensibilityGlobals) = postSolution
		SolutionGuid = {CAA31F02-954E-4B7C-90B9-72DE8D6069D5}
	EndGlobalSection
EndGlobal
